
Microsoft Visual Studio Solution File, Format Version 12.00
# Visual Studio Version 17
VisualStudioVersion = 17.14.36616.10
MinimumVisualStudioVersion = 10.0.40219.1
Project("{FAE04EC0-301F-11D3-BF4B-00C04F79EFBC}") = "11-AbstractClassPolymorphismForEach", "11-AbstractClassPolymorphismForEach.csproj", "{10126938-56ED-402D-A63F-0A5B93A403C6}"
EndProject
Global
	GlobalSection(SolutionConfigurationPlatforms) = preSolution
		Debug|Any CPU = Debug|Any CPU
		Release|Any CPU = Release|Any CPU
	EndGlobalSection
	GlobalSection(ProjectConfigurationPlatforms) = postSolution
		{10126938-56ED-402D-A63F-0A5B93A403C6}.Debug|Any CPU.ActiveCfg = Debug|Any CPU
		{10126938-56ED-402D-A63F-0A5B93A403C6}.Debug|Any CPU.Build.0 = Debug|Any CPU
		{10126938-56ED-402D-A63F-0A5B93A403C6}.Release|Any CPU.ActiveCfg = Release|Any CPU
		{10126938-56ED-402D-A63F-0A5B93A403C6}.Release|Any CPU.Build.0 = Release|Any CPU
	EndGlobalSection
	GlobalSection(SolutionProperties) = preSolution
		HideSolutionNode = FALSE
	EndGlobalSection
	GlobalSection(ExtensibilityGlobals) = postSolution
		SolutionGuid = {E91F1BA5-C48C-4A03-A1B7-5931EC94E7F9}
	EndGlobalSection
EndGlobal
